
Microsoft Visual Studio Solution File, Format Version 12.00
# Visual Studio 14
VisualStudioVersion = 14.0.25420.1
MinimumVisualStudioVersion = 10.0.40219.1
Project("{FAE04EC0-301F-11D3-BF4B-00C04F79EFBC}") = "BamlLonghorn", "src\BamlLonghorn\BamlLonghorn.csproj", "{7C1A4E20-9B31-4C7E-8E10-6D2F0A5B1C01}"
EndProject
Project("{FAE04EC0-301F-11D3-BF4B-00C04F79EFBC}") = "BamlLonghorn.Cli", "src\BamlLonghorn.Cli\BamlLonghorn.Cli.csproj", "{7C1A4E20-9B31-4C7E-8E10-6D2F0A5B1C03}"
EndProject
Project("{FAE04EC0-301F-11D3-BF4B-00C04F79EFBC}") = "BamlLonghorn.Gui", "src\BamlLonghorn.Gui\BamlLonghorn.Gui.csproj", "{7C4E1A55-9F3B-4D2A-8E61-5B0C7D9A2F13}"
EndProject
Project("{2150E333-8FDC-42A3-9474-1A3956D46DE8}") = "src", "src", "{827E0CD3-B72D-47B6-A68D-7590B98EB39B}"
EndProject
Project("{FAE04EC0-301F-11D3-BF4B-00C04F79EFBC}") = "BamlLonghorn.Validate", "src\BamlLonghorn.Validate\BamlLonghorn.Validate.csproj", "{7C4E1A62-9D53-4B18-8E27-2F0B6C1D4A93}"
EndProject
Global
	GlobalSection(SolutionConfigurationPlatforms) = preSolution
		Debug|Any CPU = Debug|Any CPU
		Debug|x64 = Debug|x64
		Debug|x86 = Debug|x86
		Release|Any CPU = Release|Any CPU
		Release|x64 = Release|x64
		Release|x86 = Release|x86
	EndGlobalSection
	GlobalSection(ProjectConfigurationPlatforms) = postSolution
		{7C1A4E20-9B31-4C7E-8E10-6D2F0A5B1C01}.Debug|Any CPU.ActiveCfg = Debug|Any CPU
		{7C1A4E20-9B31-4C7E-8E10-6D2F0A5B1C01}.Debug|Any CPU.Build.0 = Debug|Any CPU
		{7C1A4E20-9B31-4C7E-8E10-6D2F0A5B1C01}.Debug|x64.ActiveCfg = Debug|Any CPU
		{7C1A4E20-9B31-4C7E-8E10-6D2F0A5B1C01}.Debug|x64.Build.0 = Debug|Any CPU
		{7C1A4E20-9B31-4C7E-8E10-6D2F0A5B1C01}.Debug|x86.ActiveCfg = Debug|Any CPU
		{7C1A4E20-9B31-4C7E-8E10-6D2F0A5B1C01}.Debug|x86.Build.0 = Debug|Any CPU
		{7C1A4E20-9B31-4C7E-8E10-6D2F0A5B1C01}.Release|Any CPU.ActiveCfg = Release|Any CPU
		{7C1A4E20-9B31-4C7E-8E10-6D2F0A5B1C01}.Release|Any CPU.Build.0 = Release|Any CPU
		{7C1A4E20-9B31-4C7E-8E10-6D2F0A5B1C01}.Release|x64.ActiveCfg = Release|Any CPU
		{7C1A4E20-9B31-4C7E-8E10-6D2F0A5B1C01}.Release|x64.Build.0 = Release|Any CPU
		{7C1A4E20-9B31-4C7E-8E10-6D2F0A5B1C01}.Release|x86.ActiveCfg = Release|Any CPU
		{7C1A4E20-9B31-4C7E-8E10-6D2F0A5B1C01}.Release|x86.Build.0 = Release|Any CPU
		{7C1A4E20-9B31-4C7E-8E10-6D2F0A5B1C03}.Debug|Any CPU.ActiveCfg = Debug|Any CPU
		{7C1A4E20-9B31-4C7E-8E10-6D2F0A5B1C03}.Debug|Any CPU.Build.0 = Debug|Any CPU
		{7C1A4E20-9B31-4C7E-8E10-6D2F0A5B1C03}.Debug|x64.ActiveCfg = Debug|Any CPU
		{7C1A4E20-9B31-4C7E-8E10-6D2F0A5B1C03}.Debug|x64.Build.0 = Debug|Any CPU
		{7C1A4E20-9B31-4C7E-8E10-6D2F0A5B1C03}.Debug|x86.ActiveCfg = Debug|Any CPU
		{7C1A4E20-9B31-4C7E-8E10-6D2F0A5B1C03}.Debug|x86.Build.0 = Debug|Any CPU
		{7C1A4E20-9B31-4C7E-8E10-6D2F0A5B1C03}.Release|Any CPU.ActiveCfg = Release|Any CPU
		{7C1A4E20-9B31-4C7E-8E10-6D2F0A5B1C03}.Release|Any CPU.Build.0 = Release|Any CPU
		{7C1A4E20-9B31-4C7E-8E10-6D2F0A5B1C03}.Release|x64.ActiveCfg = Release|Any CPU
		{7C1A4E20-9B31-4C7E-8E10-6D2F0A5B1C03}.Release|x64.Build.0 = Release|Any CPU
		{7C1A4E20-9B31-4C7E-8E10-6D2F0A5B1C03}.Release|x86.ActiveCfg = Release|Any CPU
		{7C1A4E20-9B31-4C7E-8E10-6D2F0A5B1C03}.Release|x86.Build.0 = Release|Any CPU
		{7C4E1A55-9F3B-4D2A-8E61-5B0C7D9A2F13}.Debug|Any CPU.ActiveCfg = Debug|Any CPU
		{7C4E1A55-9F3B-4D2A-8E61-5B0C7D9A2F13}.Debug|Any CPU.Build.0 = Debug|Any CPU
		{7C4E1A55-9F3B-4D2A-8E61-5B0C7D9A2F13}.Debug|x64.ActiveCfg = Debug|Any CPU
		{7C4E1A55-9F3B-4D2A-8E61-5B0C7D9A2F13}.Debug|x64.Build.0 = Debug|Any CPU
		{7C4E1A55-9F3B-4D2A-8E61-5B0C7D9A2F13}.Debug|x86.ActiveCfg = Debug|Any CPU
		{7C4E1A55-9F3B-4D2A-8E61-5B0C7D9A2F13}.Debug|x86.Build.0 = Debug|Any CPU
		{7C4E1A55-9F3B-4D2A-8E61-5B0C7D9A2F13}.Release|Any CPU.ActiveCfg = Release|Any CPU
		{7C4E1A55-9F3B-4D2A-8E61-5B0C7D9A2F13}.Release|Any CPU.Build.0 = Release|Any CPU
		{7C4E1A55-9F3B-4D2A-8E61-5B0C7D9A2F13}.Release|x64.ActiveCfg = Release|Any CPU
		{7C4E1A55-9F3B-4D2A-8E61-5B0C7D9A2F13}.Release|x64.Build.0 = Release|Any CPU
		{7C4E1A55-9F3B-4D2A-8E61-5B0C7D9A2F13}.Release|x86.ActiveCfg = Release|Any CPU
		{7C4E1A55-9F3B-4D2A-8E61-5B0C7D9A2F13}.Release|x86.Build.0 = Release|Any CPU
		{7C4E1A62-9D53-4B18-8E27-2F0B6C1D4A93}.Debug|Any CPU.ActiveCfg = Debug|Any CPU
		{7C4E1A62-9D53-4B18-8E27-2F0B6C1D4A93}.Debug|Any CPU.Build.0 = Debug|Any CPU
		{7C4E1A62-9D53-4B18-8E27-2F0B6C1D4A93}.Debug|x64.ActiveCfg = Debug|Any CPU
		{7C4E1A62-9D53-4B18-8E27-2F0B6C1D4A93}.Debug|x64.Build.0 = Debug|Any CPU
		{7C4E1A62-9D53-4B18-8E27-2F0B6C1D4A93}.Debug|x86.ActiveCfg = Debug|Any CPU
		{7C4E1A62-9D53-4B18-8E27-2F0B6C1D4A93}.Debug|x86.Build.0 = Debug|Any CPU
		{7C4E1A62-9D53-4B18-8E27-2F0B6C1D4A93}.Release|Any CPU.ActiveCfg = Release|Any CPU
		{7C4E1A62-9D53-4B18-8E27-2F0B6C1D4A93}.Release|Any CPU.Build.0 = Release|Any CPU
		{7C4E1A62-9D53-4B18-8E27-2F0B6C1D4A93}.Release|x64.ActiveCfg = Release|Any CPU
		{7C4E1A62-9D53-4B18-8E27-2F0B6C1D4A93}.Release|x64.Build.0 = Release|Any CPU
		{7C4E1A62-9D53-4B18-8E27-2F0B6C1D4A93}.Release|x86.ActiveCfg = Release|Any CPU
		{7C4E1A62-9D53-4B18-8E27-2F0B6C1D4A93}.Release|x86.Build.0 = Release|Any CPU
	EndGlobalSection
	GlobalSection(SolutionProperties) = preSolution
		HideSolutionNode = FALSE
	EndGlobalSection
	GlobalSection(NestedProjects) = preSolution
		{7C4E1A62-9D53-4B18-8E27-2F0B6C1D4A93} = {827E0CD3-B72D-47B6-A68D-7590B98EB39B}
	EndGlobalSection
EndGlobal
